
Microsoft Visual Studio Solution File, Format Version 12.00
# Visual Studio Version 17
VisualStudioVersion = 17.3.32804.467
MinimumVisualStudioVersion = 10.0.40219.1
Project("{9A19103F-16F7-4668-BE54-9A1E7A4F7556}") = "Welcome", "Welcome\Welcome.csproj", "{445E9ADE-3319-499B-8187-35E788C5DB53}"
EndProject
Project("{9A19103F-16F7-4668-BE54-9A1E7A4F7556}") = "WelcomeExtended", "WelcomeExtended\WelcomeExtended.csproj", "{0BE250B4-E2E5-4C87-8497-0A0728253928}"
EndProject
Project("{FAE04EC0-301F-11D3-BF4B-00C04F79EFBC}") = "DataLayer", "DataLayer\DataLayer.csproj", "{F0290387-6ABC-4C0D-B630-87F9EC76B8A2}"
EndProject
Global
	GlobalSection(SolutionConfigurationPlatforms) = preSolution
		Debug|Any CPU = Debug|Any CPU
		Release|Any CPU = Release|Any CPU
	EndGlobalSection
	GlobalSection(ProjectConfigurationPlatforms) = postSolution
		{445E9ADE-3319-499B-8187-35E788C5DB53}.Debug|Any CPU.ActiveCfg = Debug|Any CPU
		{445E9ADE-3319-499B-8187-35E788C5DB53}.Debug|Any CPU.Build.0 = Debug|Any CPU
		{445E9ADE-3319-499B-8187-35E788C5DB53}.Release|Any CPU.ActiveCfg = Release|Any CPU
		{445E9ADE-3319-499B-8187-35E788C5DB53}.Release|Any CPU.Build.0 = Release|Any CPU
		{0BE250B4-E2E5-4C87-8497-0A0728253928}.Debug|Any CPU.ActiveCfg = Debug|Any CPU
		{0BE250B4-E2E5-4C87-8497-0A0728253928}.Debug|Any CPU.Build.0 = Debug|Any CPU
		{0BE250B4-E2E5-4C87-8497-0A0728253928}.Release|Any CPU.ActiveCfg = Release|Any CPU
		{0BE250B4-E2E5-4C87-8497-0A0728253928}.Release|Any CPU.Build.0 = Release|Any CPU
		{F0290387-6ABC-4C0D-B630-87F9EC76B8A2}.Debug|Any CPU.ActiveCfg = Debug|Any CPU
		{F0290387-6ABC-4C0D-B630-87F9EC76B8A2}.Debug|Any CPU.Build.0 = Debug|Any CPU
		{F0290387-6ABC-4C0D-B630-87F9EC76B8A2}.Release|Any CPU.ActiveCfg = Release|Any CPU
		{F0290387-6ABC-4C0D-B630-87F9EC76B8A2}.Release|Any CPU.Build.0 = Release|Any CPU
	EndGlobalSection
	GlobalSection(SolutionProperties) = preSolution
		HideSolutionNode = FALSE
	EndGlobalSection
	GlobalSection(ExtensibilityGlobals) = postSolution
		SolutionGuid = {17D39B3C-4B24-47A6-9ADA-C15B442AF387}
	EndGlobalSection
EndGlobal
